
Microsoft Visual Studio Solution File, Format Version 12.00
# Visual Studio 15
VisualStudioVersion = 15.0.27703.2035
MinimumVisualStudioVersion = 10.0.40219.1
Project("{FAE04EC0-301F-11D3-BF4B-00C04F79EFBC}") = "WebApiSegura", "WebApiSegura\WebApiSegura.csproj", "{B567B330-34B6-4220-A759-F5EEFEEDB397}"
EndProject
Global
	GlobalSection(SolutionConfigurationPlatforms) = preSolution
		Debug|Any CPU = Debug|Any CPU
		Release|Any CPU = Release|Any CPU
	EndGlobalSection
	GlobalSection(ProjectConfigurationPlatforms) = postSolution
		{B567B330-34B6-4220-A759-F5EEFEEDB397}.Debug|Any CPU.ActiveCfg = Debug|Any CPU
		{B567B330-34B6-4220-A759-F5EEFEEDB397}.Debug|Any CPU.Build.0 = Debug|Any CPU
		{B567B330-34B6-4220-A759-F5EEFEEDB397}.Release|Any CPU.ActiveCfg = Release|Any CPU
		{B567B330-34B6-4220-A759-F5EEFEEDB397}.Release|Any CPU.Build.0 = Release|Any CPU
	EndGlobalSection
	GlobalSection(SolutionProperties) = preSolution
		HideSolutionNode = FALSE
	EndGlobalSection
	GlobalSection(ExtensibilityGlobals) = postSolution
		SolutionGuid = {56281AA8-8C82-49E7-810A-B5AE0DB2C287}
	EndGlobalSection
EndGlobal
